
Microsoft Visual Studio Solution File, Format Version 12.00
# Visual Studio 15
VisualStudioVersion = 15.0.28010.2026
MinimumVisualStudioVersion = 10.0.40219.1
Project("{FAE04EC0-301F-11D3-BF4B-00C04F79EFBC}") = "Provoke", "Provoke\Provoke.csproj", "{69682EB3-AF8E-4C74-8BE2-188F9FAEEAC3}"
EndProject
Global
	GlobalSection(SolutionConfigurationPlatforms) = preSolution
		Debug|Any CPU = Debug|Any CPU
		Release|Any CPU = Release|Any CPU
	EndGlobalSection
	GlobalSection(ProjectConfigurationPlatforms) = postSolution
		{69682EB3-AF8E-4C74-8BE2-188F9FAEEAC3}.Debug|Any CPU.ActiveCfg = Debug|Any CPU
		{69682EB3-AF8E-4C74-8BE2-188F9FAEEAC3}.Debug|Any CPU.Build.0 = Debug|Any CPU
		{69682EB3-AF8E-4C74-8BE2-188F9FAEEAC3}.Release|Any CPU.ActiveCfg = Release|Any CPU
		{69682EB3-AF8E-4C74-8BE2-188F9FAEEAC3}.Release|Any CPU.Build.0 = Release|Any CPU
	EndGlobalSection
	GlobalSection(SolutionProperties) = preSolution
		HideSolutionNode = FALSE
	EndGlobalSection
	GlobalSection(ExtensibilityGlobals) = postSolution
		SolutionGuid = {D749E360-BB70-48A7-BD4B-661C88AC9C86}
	EndGlobalSection
EndGlobal
